# This file is automatically @generated by Cargo.
# It is not intended for manual editing.
version = 3

[[package]]
name = "boiler_plate"
version = "0.1.0"

[[package]]
name = "brainfuck"
version = "0.1.0"
dependencies = [
 "boiler_plate",
]

[[package]]
name = "esolangs"
version = "0.1.0"
dependencies = [
 "boiler_plate",
]

[[package]]
name = "spyrodecimal"
version = "0.1.0"
